// !$*UTF8*$!
{
	archiveVersion = 1;
	classes = {
	};
	objectVersion = 48;
	objects = {

/* Begin PBXBuildFile section */
		22C03B921FE2E2F600908F3D /* enumerate.framework in Frameworks */ = {isa = PBXBuildFile; fileRef = 22C03B881FE2E2F600908F3D /* enumerate.framework */; };
		22C03B971FE2E2F600908F3D /* enumerateTests.mm in Sources */ = {isa = PBXBuildFile; fileRef = 22C03B961FE2E2F600908F3D /* enumerateTests.mm */; };
		22C03B991FE2E2F600908F3D /* enumerate.h in Headers */ = {isa = PBXBuildFile; fileRef = 22C03B8B1FE2E2F600908F3D /* enumerate.h */; settings = {ATTRIBUTES = (Public, ); }; };
		22C03BA51FE2E4C600908F3D /* enumerate.hpp in Headers */ = {isa = PBXBuildFile; fileRef = 22C03BA31FE2E4C600908F3D /* enumerate.hpp */; settings = {ATTRIBUTES = (Public, ); }; };
		22F97ADB1FEA6EDF0099BCF5 /* enumerate.framework in Frameworks */ = {isa = PBXBuildFile; fileRef = 22F97AD21FEA6EDF0099BCF5 /* enumerate.framework */; };
		22F97AE91FEA6F4B0099BCF5 /* enumerateTests.mm in Sources */ = {isa = PBXBuildFile; fileRef = 22C03B961FE2E2F600908F3D /* enumerateTests.mm */; };
		22F97AEA1FEA6F540099BCF5 /* enumerate.hpp in Headers */ = {isa = PBXBuildFile; fileRef = 22C03BA31FE2E4C600908F3D /* enumerate.hpp */; settings = {ATTRIBUTES = (Public, ); }; };
		22F97AEB1FEA6F5A0099BCF5 /* enumerate.h in Headers */ = {isa = PBXBuildFile; fileRef = 22C03B8B1FE2E2F600908F3D /* enumerate.h */; settings = {ATTRIBUTES = (Public, ); }; };
/* End PBXBuildFile section */

/* Begin PBXContainerItemProxy section */
		22C03B931FE2E2F600908F3D /* PBXContainerItemProxy */ = {
			isa = PBXContainerItemProxy;
			containerPortal = 22C03B7F1FE2E2F600908F3D /* Project object */;
			proxyType = 1;
			remoteGlobalIDString = 22C03B871FE2E2F600908F3D;
			remoteInfo = enumerate;
		};
		22F97ADC1FEA6EDF0099BCF5 /* PBXContainerItemProxy */ = {
			isa = PBXContainerItemProxy;
			containerPortal = 22C03B7F1FE2E2F600908F3D /* Project object */;
			proxyType = 1;
			remoteGlobalIDString = 22F97AD11FEA6EDF0099BCF5;
			remoteInfo = macenumerate;
		};
/* End PBXContainerItemProxy section */

/* Begin PBXCopyFilesBuildPhase section */
		22F97AEE1FEA70250099BCF5 /* CopyFiles */ = {
			isa = PBXCopyFilesBuildPhase;
			buildActionMask = 2147483647;
			dstPath = "include/$(PRODUCT_NAME)";
			dstSubfolderSpec = 16;
			files = (
			);
			runOnlyForDeploymentPostprocessing = 0;
		};
/* End PBXCopyFilesBuildPhase section */

/* Begin PBXFileReference section */
		22C03B881FE2E2F600908F3D /* enumerate.framework */ = {isa = PBXFileReference; explicitFileType = wrapper.framework; includeInIndex = 0; path = enumerate.framework; sourceTree = BUILT_PRODUCTS_DIR; };
		22C03B8B1FE2E2F600908F3D /* enumerate.h */ = {isa = PBXFileReference; lastKnownFileType = sourcecode.c.h; path = enumerate.h; sourceTree = "<group>"; };
		22C03B8C1FE2E2F600908F3D /* Info.plist */ = {isa = PBXFileReference; lastKnownFileType = text.plist.xml; path = Info.plist; sourceTree = "<group>"; };
		22C03B911FE2E2F600908F3D /* enumerateTests.xctest */ = {isa = PBXFileReference; explicitFileType = wrapper.cfbundle; includeInIndex = 0; path = enumerateTests.xctest; sourceTree = BUILT_PRODUCTS_DIR; };
		22C03B961FE2E2F600908F3D /* enumerateTests.mm */ = {isa = PBXFileReference; lastKnownFileType = sourcecode.cpp.objcpp; path = enumerateTests.mm; sourceTree = "<group>"; };
		22C03B981FE2E2F600908F3D /* Info.plist */ = {isa = PBXFileReference; lastKnownFileType = text.plist.xml; path = Info.plist; sourceTree = "<group>"; };
		22C03BA31FE2E4C600908F3D /* enumerate.hpp */ = {isa = PBXFileReference; lastKnownFileType = sourcecode.cpp.h; path = enumerate.hpp; sourceTree = "<group>"; };
		22F97AD21FEA6EDF0099BCF5 /* enumerate.framework */ = {isa = PBXFileReference; explicitFileType = wrapper.framework; includeInIndex = 0; path = enumerate.framework; sourceTree = BUILT_PRODUCTS_DIR; };
		22F97ADA1FEA6EDF0099BCF5 /* macenumerateTests.xctest */ = {isa = PBXFileReference; explicitFileType = wrapper.cfbundle; includeInIndex = 0; path = macenumerateTests.xctest; sourceTree = BUILT_PRODUCTS_DIR; };
		22F97AF01FEA70250099BCF5 /* libenumeratestatic.a */ = {isa = PBXFileReference; explicitFileType = archive.ar; includeInIndex = 0; path = libenumeratestatic.a; sourceTree = BUILT_PRODUCTS_DIR; };
		22F97AFD1FEA70630099BCF5 /* libmacenumeratestatic.a */ = {isa = PBXFileReference; explicitFileType = archive.ar; includeInIndex = 0; path = libmacenumeratestatic.a; sourceTree = BUILT_PRODUCTS_DIR; };
/* End PBXFileReference section */

/* Begin PBXFrameworksBuildPhase section */
		22C03B841FE2E2F600908F3D /* Frameworks */ = {
			isa = PBXFrameworksBuildPhase;
			buildActionMask = 2147483647;
			files = (
			);
			runOnlyForDeploymentPostprocessing = 0;
		};
		22C03B8E1FE2E2F600908F3D /* Frameworks */ = {
			isa = PBXFrameworksBuildPhase;
			buildActionMask = 2147483647;
			files = (
				22C03B921FE2E2F600908F3D /* enumerate.framework in Frameworks */,
			);
			runOnlyForDeploymentPostprocessing = 0;
		};
		22F97ACE1FEA6EDF0099BCF5 /* Frameworks */ = {
			isa = PBXFrameworksBuildPhase;
			buildActionMask = 2147483647;
			files = (
			);
			runOnlyForDeploymentPostprocessing = 0;
		};
		22F97AD71FEA6EDF0099BCF5 /* Frameworks */ = {
			isa = PBXFrameworksBuildPhase;
			buildActionMask = 2147483647;
			files = (
				22F97ADB1FEA6EDF0099BCF5 /* enumerate.framework in Frameworks */,
			);
			runOnlyForDeploymentPostprocessing = 0;
		};
		22F97AED1FEA70250099BCF5 /* Frameworks */ = {
			isa = PBXFrameworksBuildPhase;
			buildActionMask = 2147483647;
			files = (
			);
			runOnlyForDeploymentPostprocessing = 0;
		};
		22F97AFA1FEA70630099BCF5 /* Frameworks */ = {
			isa = PBXFrameworksBuildPhase;
			buildActionMask = 2147483647;
			files = (
			);
			runOnlyForDeploymentPostprocessing = 0;
		};
/* End PBXFrameworksBuildPhase section */

/* Begin PBXGroup section */
		22C03B7E1FE2E2F600908F3D = {
			isa = PBXGroup;
			children = (
				22C03B8A1FE2E2F600908F3D /* enumerate */,
				22C03B951FE2E2F600908F3D /* enumerateTests */,
				22C03B891FE2E2F600908F3D /* Products */,
			);
			sourceTree = "<group>";
		};
		22C03B891FE2E2F600908F3D /* Products */ = {
			isa = PBXGroup;
			children = (
				22C03B881FE2E2F600908F3D /* enumerate.framework */,
				22C03B911FE2E2F600908F3D /* enumerateTests.xctest */,
				22F97AD21FEA6EDF0099BCF5 /* enumerate.framework */,
				22F97ADA1FEA6EDF0099BCF5 /* macenumerateTests.xctest */,
				22F97AF01FEA70250099BCF5 /* libenumeratestatic.a */,
				22F97AFD1FEA70630099BCF5 /* libmacenumeratestatic.a */,
			);
			name = Products;
			sourceTree = "<group>";
		};
		22C03B8A1FE2E2F600908F3D /* enumerate */ = {
			isa = PBXGroup;
			children = (
				22C03B8B1FE2E2F600908F3D /* enumerate.h */,
				22C03B8C1FE2E2F600908F3D /* Info.plist */,
				22C03BA31FE2E4C600908F3D /* enumerate.hpp */,
			);
			path = enumerate;
			sourceTree = "<group>";
		};
		22C03B951FE2E2F600908F3D /* enumerateTests */ = {
			isa = PBXGroup;
			children = (
				22C03B961FE2E2F600908F3D /* enumerateTests.mm */,
				22C03B981FE2E2F600908F3D /* Info.plist */,
			);
			path = enumerateTests;
			sourceTree = "<group>";
		};
/* End PBXGroup section */

/* Begin PBXHeadersBuildPhase section */
		22C03B851FE2E2F600908F3D /* Headers */ = {
			isa = PBXHeadersBuildPhase;
			buildActionMask = 2147483647;
			files = (
				22C03B991FE2E2F600908F3D /* enumerate.h in Headers */,
				22C03BA51FE2E4C600908F3D /* enumerate.hpp in Headers */,
			);
			runOnlyForDeploymentPostprocessing = 0;
		};
		22F97ACF1FEA6EDF0099BCF5 /* Headers */ = {
			isa = PBXHeadersBuildPhase;
			buildActionMask = 2147483647;
			files = (
				22F97AEA1FEA6F540099BCF5 /* enumerate.hpp in Headers */,
				22F97AEB1FEA6F5A0099BCF5 /* enumerate.h in Headers */,
			);
			runOnlyForDeploymentPostprocessing = 0;
		};
		22F97AFB1FEA70630099BCF5 /* Headers */ = {
			isa = PBXHeadersBuildPhase;
			buildActionMask = 2147483647;
			files = (
			);
			runOnlyForDeploymentPostprocessing = 0;
		};
/* End PBXHeadersBuildPhase section */

/* Begin PBXNativeTarget section */
		22C03B871FE2E2F600908F3D /* enumerate */ = {
			isa = PBXNativeTarget;
			buildConfigurationList = 22C03B9C1FE2E2F600908F3D /* Build configuration list for PBXNativeTarget "enumerate" */;
			buildPhases = (
				22C03B831FE2E2F600908F3D /* Sources */,
				22C03B841FE2E2F600908F3D /* Frameworks */,
				22C03B851FE2E2F600908F3D /* Headers */,
				22C03B861FE2E2F600908F3D /* Resources */,
			);
			buildRules = (
			);
			dependencies = (
			);
			name = enumerate;
			productName = enumerate;
			productReference = 22C03B881FE2E2F600908F3D /* enumerate.framework */;
			productType = "com.apple.product-type.framework";
		};
		22C03B901FE2E2F600908F3D /* enumerateTests */ = {
			isa = PBXNativeTarget;
			buildConfigurationList = 22C03B9F1FE2E2F600908F3D /* Build configuration list for PBXNativeTarget "enumerateTests" */;
			buildPhases = (
				22C03B8D1FE2E2F600908F3D /* Sources */,
				22C03B8E1FE2E2F600908F3D /* Frameworks */,
				22C03B8F1FE2E2F600908F3D /* Resources */,
			);
			buildRules = (
			);
			dependencies = (
				22C03B941FE2E2F600908F3D /* PBXTargetDependency */,
			);
			name = enumerateTests;
			productName = enumerateTests;
			productReference = 22C03B911FE2E2F600908F3D /* enumerateTests.xctest */;
			productType = "com.apple.product-type.bundle.unit-test";
		};
		22F97AD11FEA6EDF0099BCF5 /* macenumerate */ = {
			isa = PBXNativeTarget;
			buildConfigurationList = 22F97AE31FEA6EDF0099BCF5 /* Build configuration list for PBXNativeTarget "macenumerate" */;
			buildPhases = (
				22F97ACD1FEA6EDF0099BCF5 /* Sources */,
				22F97ACE1FEA6EDF0099BCF5 /* Frameworks */,
				22F97ACF1FEA6EDF0099BCF5 /* Headers */,
				22F97AD01FEA6EDF0099BCF5 /* Resources */,
			);
			buildRules = (
			);
			dependencies = (
			);
			name = macenumerate;
			productName = macenumerate;
			productReference = 22F97AD21FEA6EDF0099BCF5 /* enumerate.framework */;
			productType = "com.apple.product-type.framework";
		};
		22F97AD91FEA6EDF0099BCF5 /* macenumerateTests */ = {
			isa = PBXNativeTarget;
			buildConfigurationList = 22F97AE61FEA6EDF0099BCF5 /* Build configuration list for PBXNativeTarget "macenumerateTests" */;
			buildPhases = (
				22F97AD61FEA6EDF0099BCF5 /* Sources */,
				22F97AD71FEA6EDF0099BCF5 /* Frameworks */,
				22F97AD81FEA6EDF0099BCF5 /* Resources */,
			);
			buildRules = (
			);
			dependencies = (
				22F97ADD1FEA6EDF0099BCF5 /* PBXTargetDependency */,
			);
			name = macenumerateTests;
			productName = macenumerateTests;
			productReference = 22F97ADA1FEA6EDF0099BCF5 /* macenumerateTests.xctest */;
			productType = "com.apple.product-type.bundle.unit-test";
		};
		22F97AEF1FEA70250099BCF5 /* enumeratestatic */ = {
			isa = PBXNativeTarget;
			buildConfigurationList = 22F97AF61FEA70250099BCF5 /* Build configuration list for PBXNativeTarget "enumeratestatic" */;
			buildPhases = (
				22F97AEC1FEA70250099BCF5 /* Sources */,
				22F97AED1FEA70250099BCF5 /* Frameworks */,
				22F97AEE1FEA70250099BCF5 /* CopyFiles */,
			);
			buildRules = (
			);
			dependencies = (
			);
			name = enumeratestatic;
			productName = enumeratestatic;
			productReference = 22F97AF01FEA70250099BCF5 /* libenumeratestatic.a */;
			productType = "com.apple.product-type.library.static";
		};
		22F97AFC1FEA70630099BCF5 /* macenumeratestatic */ = {
			isa = PBXNativeTarget;
			buildConfigurationList = 22F97B051FEA70630099BCF5 /* Build configuration list for PBXNativeTarget "macenumeratestatic" */;
			buildPhases = (
				22F97AF91FEA70630099BCF5 /* Sources */,
				22F97AFA1FEA70630099BCF5 /* Frameworks */,
				22F97AFB1FEA70630099BCF5 /* Headers */,
			);
			buildRules = (
			);
			dependencies = (
			);
			name = macenumeratestatic;
			productName = macenumeratestatic;
			productReference = 22F97AFD1FEA70630099BCF5 /* libmacenumeratestatic.a */;
			productType = "com.apple.product-type.library.static";
		};
/* End PBXNativeTarget section */

/* Begin PBXProject section */
		22C03B7F1FE2E2F600908F3D /* Project object */ = {
			isa = PBXProject;
			attributes = {
				LastUpgradeCheck = 0920;
				ORGANIZATIONNAME = "Pretty Simple";
				TargetAttributes = {
					22C03B871FE2E2F600908F3D = {
						CreatedOnToolsVersion = 9.2;
						ProvisioningStyle = Automatic;
					};
					22C03B901FE2E2F600908F3D = {
						CreatedOnToolsVersion = 9.2;
						ProvisioningStyle = Automatic;
					};
					22F97AD11FEA6EDF0099BCF5 = {
						CreatedOnToolsVersion = 9.2;
						ProvisioningStyle = Automatic;
					};
					22F97AD91FEA6EDF0099BCF5 = {
						CreatedOnToolsVersion = 9.2;
						ProvisioningStyle = Automatic;
					};
					22F97AEF1FEA70250099BCF5 = {
						CreatedOnToolsVersion = 9.2;
						ProvisioningStyle = Automatic;
					};
					22F97AFC1FEA70630099BCF5 = {
						CreatedOnToolsVersion = 9.2;
						ProvisioningStyle = Automatic;
					};
				};
			};
			buildConfigurationList = 22C03B821FE2E2F600908F3D /* Build configuration list for PBXProject "enumerate" */;
			compatibilityVersion = "Xcode 8.0";
			developmentRegion = en;
			hasScannedForEncodings = 0;
			knownRegions = (
				en,
			);
			mainGroup = 22C03B7E1FE2E2F600908F3D;
			productRefGroup = 22C03B891FE2E2F600908F3D /* Products */;
			projectDirPath = "";
			projectRoot = "";
			targets = (
				22C03B871FE2E2F600908F3D /* enumerate */,
				22C03B901FE2E2F600908F3D /* enumerateTests */,
				22F97AD11FEA6EDF0099BCF5 /* macenumerate */,
				22F97AD91FEA6EDF0099BCF5 /* macenumerateTests */,
				22F97AEF1FEA70250099BCF5 /* enumeratestatic */,
				22F97AFC1FEA70630099BCF5 /* macenumeratestatic */,
			);
		};
/* End PBXProject section */

/* Begin PBXResourcesBuildPhase section */
		22C03B861FE2E2F600908F3D /* Resources */ = {
			isa = PBXResourcesBuildPhase;
			buildActionMask = 2147483647;
			files = (
			);
			runOnlyForDeploymentPostprocessing = 0;
		};
		22C03B8F1FE2E2F600908F3D /* Resources */ = {
			isa = PBXResourcesBuildPhase;
			buildActionMask = 2147483647;
			files = (
			);
			runOnlyForDeploymentPostprocessing = 0;
		};
		22F97AD01FEA6EDF0099BCF5 /* Resources */ = {
			isa = PBXResourcesBuildPhase;
			buildActionMask = 2147483647;
			files = (
			);
			runOnlyForDeploymentPostprocessing = 0;
		};
		22F97AD81FEA6EDF0099BCF5 /* Resources */ = {
			isa = PBXResourcesBuildPhase;
			buildActionMask = 2147483647;
			files = (
			);
			runOnlyForDeploymentPostprocessing = 0;
		};
/* End PBXResourcesBuildPhase section */

/* Begin PBXSourcesBuildPhase section */
		22C03B831FE2E2F600908F3D /* Sources */ = {
			isa = PBXSourcesBuildPhase;
			buildActionMask = 2147483647;
			files = (
			);
			runOnlyForDeploymentPostprocessing = 0;
		};
		22C03B8D1FE2E2F600908F3D /* Sources */ = {
			isa = PBXSourcesBuildPhase;
			buildActionMask = 2147483647;
			files = (
				22C03B971FE2E2F600908F3D /* enumerateTests.mm in Sources */,
			);
			runOnlyForDeploymentPostprocessing = 0;
		};
		22F97ACD1FEA6EDF0099BCF5 /* Sources */ = {
			isa = PBXSourcesBuildPhase;
			buildActionMask = 2147483647;
			files = (
			);
			runOnlyForDeploymentPostprocessing = 0;
		};
		22F97AD61FEA6EDF0099BCF5 /* Sources */ = {
			isa = PBXSourcesBuildPhase;
			buildActionMask = 2147483647;
			files = (
				22F97AE91FEA6F4B0099BCF5 /* enumerateTests.mm in Sources */,
			);
			runOnlyForDeploymentPostprocessing = 0;
		};
		22F97AEC1FEA70250099BCF5 /* Sources */ = {
			isa = PBXSourcesBuildPhase;
			buildActionMask = 2147483647;
			files = (
			);
			runOnlyForDeploymentPostprocessing = 0;
		};
		22F97AF91FEA70630099BCF5 /* Sources */ = {
			isa = PBXSourcesBuildPhase;
			buildActionMask = 2147483647;
			files = (
			);
			runOnlyForDeploymentPostprocessing = 0;
		};
/* End PBXSourcesBuildPhase section */

/* Begin PBXTargetDependency section */
		22C03B941FE2E2F600908F3D /* PBXTargetDependency */ = {
			isa = PBXTargetDependency;
			target = 22C03B871FE2E2F600908F3D /* enumerate */;
			targetProxy = 22C03B931FE2E2F600908F3D /* PBXContainerItemProxy */;
		};
		22F97ADD1FEA6EDF0099BCF5 /* PBXTargetDependency */ = {
			isa = PBXTargetDependency;
			target = 22F97AD11FEA6EDF0099BCF5 /* macenumerate */;
			targetProxy = 22F97ADC1FEA6EDF0099BCF5 /* PBXContainerItemProxy */;
		};
/* End PBXTargetDependency section */

/* Begin XCBuildConfiguration section */
		22C03B9A1FE2E2F600908F3D /* Debug */ = {
			isa = XCBuildConfiguration;
			buildSettings = {
				ALWAYS_SEARCH_USER_PATHS = NO;
				CLANG_ANALYZER_NONNULL = YES;
				CLANG_ANALYZER_NUMBER_OBJECT_CONVERSION = YES_AGGRESSIVE;
				CLANG_CXX_LANGUAGE_STANDARD = "c++14";
				CLANG_CXX_LIBRARY = "libc++";
				CLANG_ENABLE_MODULES = YES;
				CLANG_ENABLE_OBJC_ARC = YES;
				CLANG_WARN_BLOCK_CAPTURE_AUTORELEASING = YES;
				CLANG_WARN_BOOL_CONVERSION = YES;
				CLANG_WARN_COMMA = YES;
				CLANG_WARN_CONSTANT_CONVERSION = YES;
				CLANG_WARN_DIRECT_OBJC_ISA_USAGE = YES_ERROR;
				CLANG_WARN_DOCUMENTATION_COMMENTS = YES;
				CLANG_WARN_EMPTY_BODY = YES;
				CLANG_WARN_ENUM_CONVERSION = YES;
				CLANG_WARN_INFINITE_RECURSION = YES;
				CLANG_WARN_INT_CONVERSION = YES;
				CLANG_WARN_NON_LITERAL_NULL_CONVERSION = YES;
				CLANG_WARN_OBJC_LITERAL_CONVERSION = YES;
				CLANG_WARN_OBJC_ROOT_CLASS = YES_ERROR;
				CLANG_WARN_RANGE_LOOP_ANALYSIS = YES;
				CLANG_WARN_STRICT_PROTOTYPES = YES;
				CLANG_WARN_SUSPICIOUS_MOVE = YES;
				CLANG_WARN_UNGUARDED_AVAILABILITY = YES_AGGRESSIVE;
				CLANG_WARN_UNREACHABLE_CODE = YES;
				CLANG_WARN__DUPLICATE_METHOD_MATCH = YES;
				CODE_SIGN_IDENTITY = "iPhone Developer";
				COPY_PHASE_STRIP = NO;
				CURRENT_PROJECT_VERSION = 1;
				DEBUG_INFORMATION_FORMAT = dwarf;
				ENABLE_STRICT_OBJC_MSGSEND = YES;
				ENABLE_TESTABILITY = YES;
				GCC_C_LANGUAGE_STANDARD = c11;
				GCC_DYNAMIC_NO_PIC = NO;
				GCC_INLINES_ARE_PRIVATE_EXTERN = YES;
				GCC_NO_COMMON_BLOCKS = YES;
				GCC_OPTIMIZATION_LEVEL = 0;
				GCC_PREPROCESSOR_DEFINITIONS = (
					"DEBUG=1",
					"$(inherited)",
				);
				GCC_SYMBOLS_PRIVATE_EXTERN = YES;
				GCC_WARN_64_TO_32_BIT_CONVERSION = YES;
				GCC_WARN_ABOUT_RETURN_TYPE = YES_ERROR;
				GCC_WARN_UNDECLARED_SELECTOR = YES;
				GCC_WARN_UNINITIALIZED_AUTOS = YES_AGGRESSIVE;
				GCC_WARN_UNUSED_FUNCTION = YES;
				GCC_WARN_UNUSED_VARIABLE = YES;
				IPHONEOS_DEPLOYMENT_TARGET = 8.0;
				MACOSX_DEPLOYMENT_TARGET = 10.10;
				MTL_ENABLE_DEBUG_INFO = YES;
				ONLY_ACTIVE_ARCH = YES;
				SDKROOT = iphoneos;
				VERSIONING_SYSTEM = "apple-generic";
				VERSION_INFO_PREFIX = "";
				WARNING_CFLAGS = (
					"-Weverything",
					"-Wno-c++98-compat",
					"-Wno-c++98-compat-pedantic",
					"-Wno-c++11-compat",
					"-Wno-c++11-compat-pedantic",
					"-Wno-c++14-compat",
					"-Wno-c++14-compat-pedantic",
					"-Wno-padded",
					"-Wno-documentation-unknown-command",
					"-Wno-documentation",
					"-Wno-auto-import",
					"-Wno-over-aligned",
				);
			};
			name = Debug;
		};
		22C03B9B1FE2E2F600908F3D /* Release */ = {
			isa = XCBuildConfiguration;
			buildSettings = {
				ALWAYS_SEARCH_USER_PATHS = NO;
				CLANG_ANALYZER_NONNULL = YES;
				CLANG_ANALYZER_NUMBER_OBJECT_CONVERSION = YES_AGGRESSIVE;
				CLANG_CXX_LANGUAGE_STANDARD = "c++14";
				CLANG_CXX_LIBRARY = "libc++";
				CLANG_ENABLE_MODULES = YES;
				CLANG_ENABLE_OBJC_ARC = YES;
				CLANG_WARN_BLOCK_CAPTURE_AUTORELEASING = YES;
				CLANG_WARN_BOOL_CONVERSION = YES;
				CLANG_WARN_COMMA = YES;
				CLANG_WARN_CONSTANT_CONVERSION = YES;
				CLANG_WARN_DIRECT_OBJC_ISA_USAGE = YES_ERROR;
				CLANG_WARN_DOCUMENTATION_COMMENTS = YES;
				CLANG_WARN_EMPTY_BODY = YES;
				CLANG_WARN_ENUM_CONVERSION = YES;
				CLANG_WARN_INFINITE_RECURSION = YES;
				CLANG_WARN_INT_CONVERSION = YES;
				CLANG_WARN_NON_LITERAL_NULL_CONVERSION = YES;
				CLANG_WARN_OBJC_LITERAL_CONVERSION = YES;
				CLANG_WARN_OBJC_ROOT_CLASS = YES_ERROR;
				CLANG_WARN_RANGE_LOOP_ANALYSIS = YES;
				CLANG_WARN_STRICT_PROTOTYPES = YES;
				CLANG_WARN_SUSPICIOUS_MOVE = YES;
				CLANG_WARN_UNGUARDED_AVAILABILITY = YES_AGGRESSIVE;
				CLANG_WARN_UNREACHABLE_CODE = YES;
				CLANG_WARN__DUPLICATE_METHOD_MATCH = YES;
				CODE_SIGN_IDENTITY = "iPhone Developer";
				COPY_PHASE_STRIP = NO;
				CURRENT_PROJECT_VERSION = 1;
				DEBUG_INFORMATION_FORMAT = "dwarf-with-dsym";
				ENABLE_NS_ASSERTIONS = NO;
				ENABLE_STRICT_OBJC_MSGSEND = YES;
				GCC_C_LANGUAGE_STANDARD = c11;
				GCC_INLINES_ARE_PRIVATE_EXTERN = YES;
				GCC_NO_COMMON_BLOCKS = YES;
				GCC_OPTIMIZATION_LEVEL = fast;
				GCC_SYMBOLS_PRIVATE_EXTERN = YES;
				GCC_UNROLL_LOOPS = YES;
				GCC_WARN_64_TO_32_BIT_CONVERSION = YES;
				GCC_WARN_ABOUT_RETURN_TYPE = YES_ERROR;
				GCC_WARN_UNDECLARED_SELECTOR = YES;
				GCC_WARN_UNINITIALIZED_AUTOS = YES_AGGRESSIVE;
				GCC_WARN_UNUSED_FUNCTION = YES;
				GCC_WARN_UNUSED_VARIABLE = YES;
				IPHONEOS_DEPLOYMENT_TARGET = 8.0;
				LLVM_LTO = YES_THIN;
				MACOSX_DEPLOYMENT_TARGET = 10.10;
				MTL_ENABLE_DEBUG_INFO = NO;
				SDKROOT = iphoneos;
				VALIDATE_PRODUCT = YES;
				VERSIONING_SYSTEM = "apple-generic";
				VERSION_INFO_PREFIX = "";
				WARNING_CFLAGS = (
					"-Weverything",
					"-Wno-c++98-compat",
					"-Wno-c++98-compat-pedantic",
					"-Wno-c++11-compat",
					"-Wno-c++11-compat-pedantic",
					"-Wno-c++14-compat",
					"-Wno-c++14-compat-pedantic",
					"-Wno-padded",
					"-Wno-documentation-unknown-command",
					"-Wno-documentation",
					"-Wno-auto-import",
					"-Wno-over-aligned",
				);
			};
			name = Release;
		};
		22C03B9D1FE2E2F600908F3D /* Debug */ = {
			isa = XCBuildConfiguration;
			buildSettings = {
				CODE_SIGN_IDENTITY = "";
				CODE_SIGN_STYLE = Automatic;
				DEFINES_MODULE = YES;
				DEVELOPMENT_TEAM = MWLR2HTMFW;
				DYLIB_COMPATIBILITY_VERSION = 1;
				DYLIB_CURRENT_VERSION = 1;
				DYLIB_INSTALL_NAME_BASE = "@rpath";
				INFOPLIST_FILE = enumerate/Info.plist;
				INSTALL_PATH = "$(LOCAL_LIBRARY_DIR)/Frameworks";
				LD_RUNPATH_SEARCH_PATHS = "$(inherited) @executable_path/Frameworks @loader_path/Frameworks";
				PRODUCT_BUNDLE_IDENTIFIER = com.prettysimple.enumerate;
				PRODUCT_NAME = "$(TARGET_NAME:c99extidentifier)";
				SKIP_INSTALL = YES;
				TARGETED_DEVICE_FAMILY = "1,2";
			};
			name = Debug;
		};
		22C03B9E1FE2E2F600908F3D /* Release */ = {
			isa = XCBuildConfiguration;
			buildSettings = {
				CODE_SIGN_IDENTITY = "";
				CODE_SIGN_STYLE = Automatic;
				DEFINES_MODULE = YES;
				DEVELOPMENT_TEAM = MWLR2HTMFW;
				DYLIB_COMPATIBILITY_VERSION = 1;
				DYLIB_CURRENT_VERSION = 1;
				DYLIB_INSTALL_NAME_BASE = "@rpath";
				INFOPLIST_FILE = enumerate/Info.plist;
				INSTALL_PATH = "$(LOCAL_LIBRARY_DIR)/Frameworks";
				LD_RUNPATH_SEARCH_PATHS = "$(inherited) @executable_path/Frameworks @loader_path/Frameworks";
				PRODUCT_BUNDLE_IDENTIFIER = com.prettysimple.enumerate;
				PRODUCT_NAME = "$(TARGET_NAME:c99extidentifier)";
				SKIP_INSTALL = YES;
				TARGETED_DEVICE_FAMILY = "1,2";
			};
			name = Release;
		};
		22C03BA01FE2E2F600908F3D /* Debug */ = {
			isa = XCBuildConfiguration;
			buildSettings = {
				CODE_SIGN_STYLE = Automatic;
				DEVELOPMENT_TEAM = MWLR2HTMFW;
				INFOPLIST_FILE = enumerateTests/Info.plist;
				LD_RUNPATH_SEARCH_PATHS = "$(inherited) @executable_path/Frameworks @loader_path/Frameworks";
				PRODUCT_BUNDLE_IDENTIFIER = com.prettysimple.enumerateTests;
				PRODUCT_NAME = "$(TARGET_NAME)";
				TARGETED_DEVICE_FAMILY = "1,2";
				WARNING_CFLAGS = (
					"-Wall",
					"-Wno-c++98-compat",
					"-Wno-c++98-compat-pedantic",
					"-Wno-c++11-compat",
					"-Wno-c++11-compat-pedantic",
					"-Wno-c++14-compat",
					"-Wno-c++14-compat-pedantic",
					"-Wno-padded",
					"-Wno-documentation-unknown-command",
					"-Wno-documentation",
					"-Wno-auto-import",
					"-Wno-over-aligned",
				);
			};
			name = Debug;
		};
		22C03BA11FE2E2F600908F3D /* Release */ = {
			isa = XCBuildConfiguration;
			buildSettings = {
				CODE_SIGN_STYLE = Automatic;
				DEVELOPMENT_TEAM = MWLR2HTMFW;
				INFOPLIST_FILE = enumerateTests/Info.plist;
				LD_RUNPATH_SEARCH_PATHS = "$(inherited) @executable_path/Frameworks @loader_path/Frameworks";
				PRODUCT_BUNDLE_IDENTIFIER = com.prettysimple.enumerateTests;
				PRODUCT_NAME = "$(TARGET_NAME)";
				TARGETED_DEVICE_FAMILY = "1,2";
				WARNING_CFLAGS = (
					"-Wall",
					"-Wno-c++98-compat",
					"-Wno-c++98-compat-pedantic",
					"-Wno-c++11-compat",
					"-Wno-c++11-compat-pedantic",
					"-Wno-c++14-compat",
					"-Wno-c++14-compat-pedantic",
					"-Wno-padded",
					"-Wno-documentation-unknown-command",
					"-Wno-documentation",
					"-Wno-auto-import",
					"-Wno-over-aligned",
				);
			};
			name = Release;
		};
		22F97AE41FEA6EDF0099BCF5 /* Debug */ = {
			isa = XCBuildConfiguration;
			buildSettings = {
				CODE_SIGN_IDENTITY = "Mac Developer";
				CODE_SIGN_STYLE = Automatic;
				COMBINE_HIDPI_IMAGES = YES;
				DEFINES_MODULE = YES;
				DEVELOPMENT_TEAM = MWLR2HTMFW;
				DYLIB_COMPATIBILITY_VERSION = 1;
				DYLIB_CURRENT_VERSION = 1;
				DYLIB_INSTALL_NAME_BASE = "@rpath";
				FRAMEWORK_VERSION = A;
				INFOPLIST_FILE = enumerate/Info.plist;
				INSTALL_PATH = "$(LOCAL_LIBRARY_DIR)/Frameworks";
				LD_RUNPATH_SEARCH_PATHS = "$(inherited) @executable_path/../Frameworks @loader_path/Frameworks";
				MACOSX_DEPLOYMENT_TARGET = 10.13;
				PRODUCT_BUNDLE_IDENTIFIER = com.prettysimple.macenumerate;
				PRODUCT_NAME = enumerate;
				SDKROOT = macosx;
				SKIP_INSTALL = YES;
			};
			name = Debug;
		};
		22F97AE51FEA6EDF0099BCF5 /* Release */ = {
			isa = XCBuildConfiguration;
			buildSettings = {
				CODE_SIGN_IDENTITY = "Mac Developer";
				CODE_SIGN_STYLE = Automatic;
				COMBINE_HIDPI_IMAGES = YES;
				DEFINES_MODULE = YES;
				DEVELOPMENT_TEAM = MWLR2HTMFW;
				DYLIB_COMPATIBILITY_VERSION = 1;
				DYLIB_CURRENT_VERSION = 1;
				DYLIB_INSTALL_NAME_BASE = "@rpath";
				FRAMEWORK_VERSION = A;
				INFOPLIST_FILE = enumerate/Info.plist;
				INSTALL_PATH = "$(LOCAL_LIBRARY_DIR)/Frameworks";
				LD_RUNPATH_SEARCH_PATHS = "$(inherited) @executable_path/../Frameworks @loader_path/Frameworks";
				MACOSX_DEPLOYMENT_TARGET = 10.13;
				PRODUCT_BUNDLE_IDENTIFIER = com.prettysimple.macenumerate;
				PRODUCT_NAME = enumerate;
				SDKROOT = macosx;
				SKIP_INSTALL = YES;
			};
			name = Release;
		};
		22F97AE71FEA6EDF0099BCF5 /* Debug */ = {
			isa = XCBuildConfiguration;
			buildSettings = {
				CODE_SIGN_IDENTITY = "Mac Developer";
				CODE_SIGN_STYLE = Automatic;
				COMBINE_HIDPI_IMAGES = YES;
				DEVELOPMENT_TEAM = MWLR2HTMFW;
				INFOPLIST_FILE = enumerateTests/Info.plist;
				LD_RUNPATH_SEARCH_PATHS = "$(inherited) @executable_path/../Frameworks @loader_path/../Frameworks";
				MACOSX_DEPLOYMENT_TARGET = 10.13;
				PRODUCT_BUNDLE_IDENTIFIER = com.prettysimple.macenumerateTests;
				PRODUCT_NAME = "$(TARGET_NAME)";
				SDKROOT = macosx;
			};
			name = Debug;
		};
		22F97AE81FEA6EDF0099BCF5 /* Release */ = {
			isa = XCBuildConfiguration;
			buildSettings = {
				CODE_SIGN_IDENTITY = "Mac Developer";
				CODE_SIGN_STYLE = Automatic;
				COMBINE_HIDPI_IMAGES = YES;
				DEVELOPMENT_TEAM = MWLR2HTMFW;
				INFOPLIST_FILE = enumerateTests/Info.plist;
				LD_RUNPATH_SEARCH_PATHS = "$(inherited) @executable_path/../Frameworks @loader_path/../Frameworks";
				MACOSX_DEPLOYMENT_TARGET = 10.13;
				PRODUCT_BUNDLE_IDENTIFIER = com.prettysimple.macenumerateTests;
				PRODUCT_NAME = "$(TARGET_NAME)";
				SDKROOT = macosx;
			};
			name = Release;
		};
		22F97AF71FEA70250099BCF5 /* Debug */ = {
			isa = XCBuildConfiguration;
			buildSettings = {
				CODE_SIGN_STYLE = Automatic;
				DEVELOPMENT_TEAM = MWLR2HTMFW;
				IPHONEOS_DEPLOYMENT_TARGET = 11.2;
				OTHER_LDFLAGS = "-ObjC";
				PRODUCT_NAME = "$(TARGET_NAME)";
				SKIP_INSTALL = YES;
				TARGETED_DEVICE_FAMILY = "1,2";
			};
			name = Debug;
		};
		22F97AF81FEA70250099BCF5 /* Release */ = {
			isa = XCBuildConfiguration;
			buildSettings = {
				CODE_SIGN_STYLE = Automatic;
				DEVELOPMENT_TEAM = MWLR2HTMFW;
				IPHONEOS_DEPLOYMENT_TARGET = 11.2;
				OTHER_LDFLAGS = "-ObjC";
				PRODUCT_NAME = "$(TARGET_NAME)";
				SKIP_INSTALL = YES;
				TARGETED_DEVICE_FAMILY = "1,2";
			};
			name = Release;
		};
		22F97B061FEA70630099BCF5 /* Debug */ = {
			isa = XCBuildConfiguration;
			buildSettings = {
				CODE_SIGN_IDENTITY = "Mac Developer";
				CODE_SIGN_STYLE = Automatic;
				DEVELOPMENT_TEAM = MWLR2HTMFW;
				EXECUTABLE_PREFIX = lib;
				PRODUCT_NAME = "$(TARGET_NAME)";
				SDKROOT = macosx;
			};
			name = Debug;
		};
		22F97B071FEA70630099BCF5 /* Release */ = {
			isa = XCBuildConfiguration;
			buildSettings = {
				CODE_SIGN_IDENTITY = "Mac Developer";
				CODE_SIGN_STYLE = Automatic;
				DEVELOPMENT_TEAM = MWLR2HTMFW;
				EXECUTABLE_PREFIX = lib;
				PRODUCT_NAME = "$(TARGET_NAME)";
				SDKROOT = macosx;
			};
			name = Release;
		};
/* End XCBuildConfiguration section */

/* Begin XCConfigurationList section */
		22C03B821FE2E2F600908F3D /* Build configuration list for PBXProject "enumerate" */ = {
			isa = XCConfigurationList;
			buildConfigurations = (
				22C03B9A1FE2E2F600908F3D /* Debug */,
				22C03B9B1FE2E2F600908F3D /* Release */,
			);
			defaultConfigurationIsVisible = 0;
			defaultConfigurationName = Release;
		};
		22C03B9C1FE2E2F600908F3D /* Build configuration list for PBXNativeTarget "enumerate" */ = {
			isa = XCConfigurationList;
			buildConfigurations = (
				22C03B9D1FE2E2F600908F3D /* Debug */,
				22C03B9E1FE2E2F600908F3D /* Release */,
			);
			defaultConfigurationIsVisible = 0;
			defaultConfigurationName = Release;
		};
		22C03B9F1FE2E2F600908F3D /* Build configuration list for PBXNativeTarget "enumerateTests" */ = {
			isa = XCConfigurationList;
			buildConfigurations = (
				22C03BA01FE2E2F600908F3D /* Debug */,
				22C03BA11FE2E2F600908F3D /* Release */,
			);
			defaultConfigurationIsVisible = 0;
			defaultConfigurationName = Release;
		};
		22F97AE31FEA6EDF0099BCF5 /* Build configuration list for PBXNativeTarget "macenumerate" */ = {
			isa = XCConfigurationList;
			buildConfigurations = (
				22F97AE41FEA6EDF0099BCF5 /* Debug */,
				22F97AE51FEA6EDF0099BCF5 /* Release */,
			);
			defaultConfigurationIsVisible = 0;
			defaultConfigurationName = Release;
		};
		22F97AE61FEA6EDF0099BCF5 /* Build configuration list for PBXNativeTarget "macenumerateTests" */ = {
			isa = XCConfigurationList;
			buildConfigurations = (
				22F97AE71FEA6EDF0099BCF5 /* Debug */,
				22F97AE81FEA6EDF0099BCF5 /* Release */,
			);
			defaultConfigurationIsVisible = 0;
			defaultConfigurationName = Release;
		};
		22F97AF61FEA70250099BCF5 /* Build configuration list for PBXNativeTarget "enumeratestatic" */ = {
			isa = XCConfigurationList;
			buildConfigurations = (
				22F97AF71FEA70250099BCF5 /* Debug */,
				22F97AF81FEA70250099BCF5 /* Release */,
			);
			defaultConfigurationIsVisible = 0;
			defaultConfigurationName = Release;
		};
		22F97B051FEA70630099BCF5 /* Build configuration list for PBXNativeTarget "macenumeratestatic" */ = {
			isa = XCConfigurationList;
			buildConfigurations = (
				22F97B061FEA70630099BCF5 /* Debug */,
				22F97B071FEA70630099BCF5 /* Release */,
			);
			defaultConfigurationIsVisible = 0;
			defaultConfigurationName = Release;
		};
/* End XCConfigurationList section */
	};
	rootObject = 22C03B7F1FE2E2F600908F3D /* Project object */;
}
